
Microsoft Visual Studio Solution File, Format Version 12.00
# Visual Studio Version 17
VisualStudioVersion = 17.0.31903.59
MinimumVisualStudioVersion = 10.0.40219.1
Project("{FAE04EC0-301F-11D3-BF4B-00C04F79EFBC}") = "BindingViewTest", "BindingViewTest\BindingViewTest.csproj", "{222F48B7-5F58-4442-BC45-6D8DE1A8185B}"
EndProject
Global
	GlobalSection(SolutionConfigurationPlatforms) = preSolution
		Debug|Any CPU = Debug|Any CPU
		Release|Any CPU = Release|Any CPU
	EndGlobalSection
	GlobalSection(SolutionProperties) = preSolution
		HideSolutionNode = FALSE
	EndGlobalSection
	GlobalSection(ProjectConfigurationPlatforms) = postSolution
		{222F48B7-5F58-4442-BC45-6D8DE1A8185B}.Debug|Any CPU.ActiveCfg = Debug|Any CPU
		{222F48B7-5F58-4442-BC45-6D8DE1A8185B}.Debug|Any CPU.Build.0 = Debug|Any CPU
		{222F48B7-5F58-4442-BC45-6D8DE1A8185B}.Release|Any CPU.ActiveCfg = Release|Any CPU
		{222F48B7-5F58-4442-BC45-6D8DE1A8185B}.Release|Any CPU.Build.0 = Release|Any CPU
	EndGlobalSection
EndGlobal
